// !$*UTF8*$!
{
	archiveVersion = 1;
	classes = {
	};
	objectVersion = 56;
	objects = {

/* Begin PBXBuildFile section */
		BD38F4532C6393D500A6DEB1 /* CharactersViewModel.swift in Sources */ = {isa = PBXBuildFile; fileRef = BD38F4522C6393D500A6DEB1 /* CharactersViewModel.swift */; };
		BD38F4592C63956D00A6DEB1 /* Constants.swift in Sources */ = {isa = PBXBuildFile; fileRef = BD38F4582C63956C00A6DEB1 /* Constants.swift */; };
		BD38F45B2C6398A600A6DEB1 /* CharactersViewComponents.swift in Sources */ = {isa = PBXBuildFile; fileRef = BD38F45A2C6398A600A6DEB1 /* CharactersViewComponents.swift */; };
		BD38F4612C639B7F00A6DEB1 /* Extracters.swift in Sources */ = {isa = PBXBuildFile; fileRef = BD38F4602C639B7F00A6DEB1 /* Extracters.swift */; };
		BD38F46F2C63B2D500A6DEB1 /* ComicsListViewModel.swift in Sources */ = {isa = PBXBuildFile; fileRef = BD38F46E2C63B2D500A6DEB1 /* ComicsListViewModel.swift */; };
		BD38F4712C63BA7A00A6DEB1 /* ComicDetailsViewModel.swift in Sources */ = {isa = PBXBuildFile; fileRef = BD38F4702C63BA7A00A6DEB1 /* ComicDetailsViewModel.swift */; };
		BD38F4732C63BCF600A6DEB1 /* FavoritesViewModel.swift in Sources */ = {isa = PBXBuildFile; fileRef = BD38F4722C63BCF600A6DEB1 /* FavoritesViewModel.swift */; };
		BD38F4752C63BD3000A6DEB1 /* FavoritesModel.swift in Sources */ = {isa = PBXBuildFile; fileRef = BD38F4742C63BD3000A6DEB1 /* FavoritesModel.swift */; };
		BD64CC222C1B1E0300616D81 /* MarvelReserveApp.swift in Sources */ = {isa = PBXBuildFile; fileRef = BD64CC212C1B1E0300616D81 /* MarvelReserveApp.swift */; };
		BD64CC242C1B1E0300616D81 /* MarvelTabView.swift in Sources */ = {isa = PBXBuildFile; fileRef = BD64CC232C1B1E0300616D81 /* MarvelTabView.swift */; };
		BD64CC262C1B1E0400616D81 /* Assets.xcassets in Resources */ = {isa = PBXBuildFile; fileRef = BD64CC252C1B1E0400616D81 /* Assets.xcassets */; };
		BD64CC292C1B1E0400616D81 /* Preview Assets.xcassets in Resources */ = {isa = PBXBuildFile; fileRef = BD64CC282C1B1E0400616D81 /* Preview Assets.xcassets */; };
		BD64CC332C1B1E0400616D81 /* MarvelReserveTests.swift in Sources */ = {isa = PBXBuildFile; fileRef = BD64CC322C1B1E0400616D81 /* MarvelReserveTests.swift */; };
		BD64CC3D2C1B1E0400616D81 /* MarvelReserveUITests.swift in Sources */ = {isa = PBXBuildFile; fileRef = BD64CC3C2C1B1E0400616D81 /* MarvelReserveUITests.swift */; };
		BD64CC3F2C1B1E0400616D81 /* MarvelReserveUITestsLaunchTests.swift in Sources */ = {isa = PBXBuildFile; fileRef = BD64CC3E2C1B1E0400616D81 /* MarvelReserveUITestsLaunchTests.swift */; };
		BD64CC4C2C1B1E9A00616D81 /* ComicForCharacterDetailsView.swift in Sources */ = {isa = PBXBuildFile; fileRef = BD64CC4B2C1B1E9A00616D81 /* ComicForCharacterDetailsView.swift */; };
		BD64CC4E2C1B1EBF00616D81 /* DetailedCharactersModel.swift in Sources */ = {isa = PBXBuildFile; fileRef = BD64CC4D2C1B1EBF00616D81 /* DetailedCharactersModel.swift */; };
		BD64CC502C1B1ED800616D81 /* ComicsListView.swift in Sources */ = {isa = PBXBuildFile; fileRef = BD64CC4F2C1B1ED800616D81 /* ComicsListView.swift */; };
		BD64CC522C1B1EFA00616D81 /* ComicsModel.swift in Sources */ = {isa = PBXBuildFile; fileRef = BD64CC512C1B1EFA00616D81 /* ComicsModel.swift */; };
		BD64CC542C1B1F2400616D81 /* WebView.swift in Sources */ = {isa = PBXBuildFile; fileRef = BD64CC532C1B1F2400616D81 /* WebView.swift */; };
		BD64CC562C1B1F4D00616D81 /* SplashScreenView.swift in Sources */ = {isa = PBXBuildFile; fileRef = BD64CC552C1B1F4D00616D81 /* SplashScreenView.swift */; };
		BD64CC582C1B1F6500616D81 /* CharactersView.swift in Sources */ = {isa = PBXBuildFile; fileRef = BD64CC572C1B1F6500616D81 /* CharactersView.swift */; };
		BD64CC5A2C1B1F9700616D81 /* DetailedComicView.swift in Sources */ = {isa = PBXBuildFile; fileRef = BD64CC592C1B1F9700616D81 /* DetailedComicView.swift */; };
		BD64CC5C2C1B1FB500616D81 /* SettingsTabView.swift in Sources */ = {isa = PBXBuildFile; fileRef = BD64CC5B2C1B1FB500616D81 /* SettingsTabView.swift */; };
		BD64CC5E2C1B1FCD00616D81 /* CharactersModel.swift in Sources */ = {isa = PBXBuildFile; fileRef = BD64CC5D2C1B1FCD00616D81 /* CharactersModel.swift */; };
		BD64CC602C1B1FFD00616D81 /* NetworkManager.swift in Sources */ = {isa = PBXBuildFile; fileRef = BD64CC5F2C1B1FFD00616D81 /* NetworkManager.swift */; };
		BD64CC622C1B201500616D81 /* ThemeChangerView.swift in Sources */ = {isa = PBXBuildFile; fileRef = BD64CC612C1B201500616D81 /* ThemeChangerView.swift */; };
		BD64CC642C1B202E00616D81 /* DetailedCharactersView.swift in Sources */ = {isa = PBXBuildFile; fileRef = BD64CC632C1B202E00616D81 /* DetailedCharactersView.swift */; };
		BD64CC662C1B206900616D81 /* Color+Extensions.swift in Sources */ = {isa = PBXBuildFile; fileRef = BD64CC652C1B206900616D81 /* Color+Extensions.swift */; };
		BD64CC682C1B208200616D81 /* WebView+Extensions.swift in Sources */ = {isa = PBXBuildFile; fileRef = BD64CC672C1B208200616D81 /* WebView+Extensions.swift */; };
		BD64CC6C2C1B23E400616D81 /* SDWebImageSwiftUI in Frameworks */ = {isa = PBXBuildFile; productRef = BD64CC6B2C1B23E400616D81 /* SDWebImageSwiftUI */; };
		BD64CC6F2C1B23F700616D81 /* Kingfisher in Frameworks */ = {isa = PBXBuildFile; productRef = BD64CC6E2C1B23F700616D81 /* Kingfisher */; };
		BD64CC722C1B241200616D81 /* SnapKit in Frameworks */ = {isa = PBXBuildFile; productRef = BD64CC712C1B241200616D81 /* SnapKit */; };
		BD64CC792C1C5C8800616D81 /* Localizable.xcstrings in Resources */ = {isa = PBXBuildFile; fileRef = BD64CC782C1C5C8800616D81 /* Localizable.xcstrings */; };
		BD64CC7B2C1C7AA900616D81 /* DetailedComicModel.swift in Sources */ = {isa = PBXBuildFile; fileRef = BD64CC7A2C1C7AA900616D81 /* DetailedComicModel.swift */; };
		BD64CC7D2C22FA2300616D81 /* CharacterForDetailedComicView.swift in Sources */ = {isa = PBXBuildFile; fileRef = BD64CC7C2C22FA2300616D81 /* CharacterForDetailedComicView.swift */; };
		BD64CC822C2AFEB100616D81 /* FavouritesView.swift in Sources */ = {isa = PBXBuildFile; fileRef = BD64CC812C2AFEB100616D81 /* FavouritesView.swift */; };
		BD671BD42C57DCBF004F60E2 /* CoreData.xcdatamodeld in Sources */ = {isa = PBXBuildFile; fileRef = BD671BD22C57DCBF004F60E2 /* CoreData.xcdatamodeld */; };
		BD671BD72C57DD29004F60E2 /* FavComics+CoreDataClass.swift in Sources */ = {isa = PBXBuildFile; fileRef = BD671BD52C57DD29004F60E2 /* FavComics+CoreDataClass.swift */; };
		BD671BD82C57DD29004F60E2 /* FavComics+CoreDataProperties.swift in Sources */ = {isa = PBXBuildFile; fileRef = BD671BD62C57DD29004F60E2 /* FavComics+CoreDataProperties.swift */; };
		BD67F4252C64E2D2004D15AB /* Converters.swift in Sources */ = {isa = PBXBuildFile; fileRef = BD67F4242C64E2D2004D15AB /* Converters.swift */; };
		BD67F4272C64E446004D15AB /* DetailedCharacterViewModel.swift in Sources */ = {isa = PBXBuildFile; fileRef = BD67F4262C64E446004D15AB /* DetailedCharacterViewModel.swift */; };
		BD67F4292C665817004D15AB /* ComicsListViewComponents.swift in Sources */ = {isa = PBXBuildFile; fileRef = BD67F4282C665817004D15AB /* ComicsListViewComponents.swift */; };
		BD6BF0DA2C3E9AB5004ABEC0 /* SwipeBackExtensions.swift in Sources */ = {isa = PBXBuildFile; fileRef = BD6BF0D92C3E9AB5004ABEC0 /* SwipeBackExtensions.swift */; };
		BD6BF0E12C3EB5EB004ABEC0 /* NavigationViewKit in Frameworks */ = {isa = PBXBuildFile; productRef = BD6BF0E02C3EB5EB004ABEC0 /* NavigationViewKit */; };
/* End PBXBuildFile section */

/* Begin PBXContainerItemProxy section */
		BD64CC2F2C1B1E0400616D81 /* PBXContainerItemProxy */ = {
			isa = PBXContainerItemProxy;
			containerPortal = BD64CC162C1B1E0300616D81 /* Project object */;
			proxyType = 1;
			remoteGlobalIDString = BD64CC1D2C1B1E0300616D81;
			remoteInfo = MarvelReserve;
		};
		BD64CC392C1B1E0400616D81 /* PBXContainerItemProxy */ = {
			isa = PBXContainerItemProxy;
			containerPortal = BD64CC162C1B1E0300616D81 /* Project object */;
			proxyType = 1;
			remoteGlobalIDString = BD64CC1D2C1B1E0300616D81;
			remoteInfo = MarvelReserve;
		};
/* End PBXContainerItemProxy section */

/* Begin PBXFileReference section */
		BD38F4522C6393D500A6DEB1 /* CharactersViewModel.swift */ = {isa = PBXFileReference; lastKnownFileType = sourcecode.swift; path = CharactersViewModel.swift; sourceTree = "<group>"; };
		BD38F4582C63956C00A6DEB1 /* Constants.swift */ = {isa = PBXFileReference; lastKnownFileType = sourcecode.swift; path = Constants.swift; sourceTree = "<group>"; };
		BD38F45A2C6398A600A6DEB1 /* CharactersViewComponents.swift */ = {isa = PBXFileReference; lastKnownFileType = sourcecode.swift; path = CharactersViewComponents.swift; sourceTree = "<group>"; };
		BD38F4602C639B7F00A6DEB1 /* Extracters.swift */ = {isa = PBXFileReference; lastKnownFileType = sourcecode.swift; path = Extracters.swift; sourceTree = "<group>"; };
		BD38F46E2C63B2D500A6DEB1 /* ComicsListViewModel.swift */ = {isa = PBXFileReference; lastKnownFileType = sourcecode.swift; path = ComicsListViewModel.swift; sourceTree = "<group>"; };
		BD38F4702C63BA7A00A6DEB1 /* ComicDetailsViewModel.swift */ = {isa = PBXFileReference; lastKnownFileType = sourcecode.swift; path = ComicDetailsViewModel.swift; sourceTree = "<group>"; };
		BD38F4722C63BCF600A6DEB1 /* FavoritesViewModel.swift */ = {isa = PBXFileReference; lastKnownFileType = sourcecode.swift; path = FavoritesViewModel.swift; sourceTree = "<group>"; };
		BD38F4742C63BD3000A6DEB1 /* FavoritesModel.swift */ = {isa = PBXFileReference; lastKnownFileType = sourcecode.swift; path = FavoritesModel.swift; sourceTree = "<group>"; };
		BD64CC1E2C1B1E0300616D81 /* MarvelReserve.app */ = {isa = PBXFileReference; explicitFileType = wrapper.application; includeInIndex = 0; path = MarvelReserve.app; sourceTree = BUILT_PRODUCTS_DIR; };
		BD64CC212C1B1E0300616D81 /* MarvelReserveApp.swift */ = {isa = PBXFileReference; lastKnownFileType = sourcecode.swift; path = MarvelReserveApp.swift; sourceTree = "<group>"; };
		BD64CC232C1B1E0300616D81 /* MarvelTabView.swift */ = {isa = PBXFileReference; lastKnownFileType = sourcecode.swift; path = MarvelTabView.swift; sourceTree = "<group>"; };
		BD64CC252C1B1E0400616D81 /* Assets.xcassets */ = {isa = PBXFileReference; lastKnownFileType = folder.assetcatalog; path = Assets.xcassets; sourceTree = "<group>"; };
		BD64CC282C1B1E0400616D81 /* Preview Assets.xcassets */ = {isa = PBXFileReference; lastKnownFileType = folder.assetcatalog; path = "Preview Assets.xcassets"; sourceTree = "<group>"; };
		BD64CC2E2C1B1E0400616D81 /* MarvelReserveTests.xctest */ = {isa = PBXFileReference; explicitFileType = wrapper.cfbundle; includeInIndex = 0; path = MarvelReserveTests.xctest; sourceTree = BUILT_PRODUCTS_DIR; };
		BD64CC322C1B1E0400616D81 /* MarvelReserveTests.swift */ = {isa = PBXFileReference; lastKnownFileType = sourcecode.swift; path = MarvelReserveTests.swift; sourceTree = "<group>"; };
		BD64CC382C1B1E0400616D81 /* MarvelReserveUITests.xctest */ = {isa = PBXFileReference; explicitFileType = wrapper.cfbundle; includeInIndex = 0; path = MarvelReserveUITests.xctest; sourceTree = BUILT_PRODUCTS_DIR; };
		BD64CC3C2C1B1E0400616D81 /* MarvelReserveUITests.swift */ = {isa = PBXFileReference; lastKnownFileType = sourcecode.swift; path = MarvelReserveUITests.swift; sourceTree = "<group>"; };
		BD64CC3E2C1B1E0400616D81 /* MarvelReserveUITestsLaunchTests.swift */ = {isa = PBXFileReference; lastKnownFileType = sourcecode.swift; path = MarvelReserveUITestsLaunchTests.swift; sourceTree = "<group>"; };
		BD64CC4B2C1B1E9A00616D81 /* ComicForCharacterDetailsView.swift */ = {isa = PBXFileReference; lastKnownFileType = sourcecode.swift; path = ComicForCharacterDetailsView.swift; sourceTree = "<group>"; };
		BD64CC4D2C1B1EBF00616D81 /* DetailedCharactersModel.swift */ = {isa = PBXFileReference; lastKnownFileType = sourcecode.swift; path = DetailedCharactersModel.swift; sourceTree = "<group>"; };
		BD64CC4F2C1B1ED800616D81 /* ComicsListView.swift */ = {isa = PBXFileReference; lastKnownFileType = sourcecode.swift; path = ComicsListView.swift; sourceTree = "<group>"; };
		BD64CC512C1B1EFA00616D81 /* ComicsModel.swift */ = {isa = PBXFileReference; lastKnownFileType = sourcecode.swift; path = ComicsModel.swift; sourceTree = "<group>"; };
		BD64CC532C1B1F2400616D81 /* WebView.swift */ = {isa = PBXFileReference; lastKnownFileType = sourcecode.swift; path = WebView.swift; sourceTree = "<group>"; };
		BD64CC552C1B1F4D00616D81 /* SplashScreenView.swift */ = {isa = PBXFileReference; lastKnownFileType = sourcecode.swift; path = SplashScreenView.swift; sourceTree = "<group>"; };
		BD64CC572C1B1F6500616D81 /* CharactersView.swift */ = {isa = PBXFileReference; lastKnownFileType = sourcecode.swift; path = CharactersView.swift; sourceTree = "<group>"; };
		BD64CC592C1B1F9700616D81 /* DetailedComicView.swift */ = {isa = PBXFileReference; lastKnownFileType = sourcecode.swift; path = DetailedComicView.swift; sourceTree = "<group>"; };
		BD64CC5B2C1B1FB500616D81 /* SettingsTabView.swift */ = {isa = PBXFileReference; lastKnownFileType = sourcecode.swift; path = SettingsTabView.swift; sourceTree = "<group>"; };
		BD64CC5D2C1B1FCD00616D81 /* CharactersModel.swift */ = {isa = PBXFileReference; lastKnownFileType = sourcecode.swift; path = CharactersModel.swift; sourceTree = "<group>"; };
		BD64CC5F2C1B1FFD00616D81 /* NetworkManager.swift */ = {isa = PBXFileReference; lastKnownFileType = sourcecode.swift; path = NetworkManager.swift; sourceTree = "<group>"; };
		BD64CC612C1B201500616D81 /* ThemeChangerView.swift */ = {isa = PBXFileReference; lastKnownFileType = sourcecode.swift; path = ThemeChangerView.swift; sourceTree = "<group>"; };
		BD64CC632C1B202E00616D81 /* DetailedCharactersView.swift */ = {isa = PBXFileReference; lastKnownFileType = sourcecode.swift; path = DetailedCharactersView.swift; sourceTree = "<group>"; };
		BD64CC652C1B206900616D81 /* Color+Extensions.swift */ = {isa = PBXFileReference; lastKnownFileType = sourcecode.swift; path = "Color+Extensions.swift"; sourceTree = "<group>"; };
		BD64CC672C1B208200616D81 /* WebView+Extensions.swift */ = {isa = PBXFileReference; lastKnownFileType = sourcecode.swift; path = "WebView+Extensions.swift"; sourceTree = "<group>"; };
		BD64CC782C1C5C8800616D81 /* Localizable.xcstrings */ = {isa = PBXFileReference; lastKnownFileType = text.json.xcstrings; name = Localizable.xcstrings; path = MarvelReserve/ApplicationLayer/Localizable.xcstrings; sourceTree = SOURCE_ROOT; };
		BD64CC7A2C1C7AA900616D81 /* DetailedComicModel.swift */ = {isa = PBXFileReference; lastKnownFileType = sourcecode.swift; path = DetailedComicModel.swift; sourceTree = "<group>"; };
		BD64CC7C2C22FA2300616D81 /* CharacterForDetailedComicView.swift */ = {isa = PBXFileReference; lastKnownFileType = sourcecode.swift; name = CharacterForDetailedComicView.swift; path = MarvelReserve/BusinessLayer/Screens/ComicsList/ComicDetails/CharacterForDetailedComicView.swift; sourceTree = SOURCE_ROOT; };
		BD64CC812C2AFEB100616D81 /* FavouritesView.swift */ = {isa = PBXFileReference; lastKnownFileType = sourcecode.swift; path = FavouritesView.swift; sourceTree = "<group>"; };
		BD671BD32C57DCBF004F60E2 /* CoreData.xcdatamodel */ = {isa = PBXFileReference; lastKnownFileType = wrapper.xcdatamodel; path = CoreData.xcdatamodel; sourceTree = "<group>"; };
		BD671BD52C57DD29004F60E2 /* FavComics+CoreDataClass.swift */ = {isa = PBXFileReference; lastKnownFileType = sourcecode.swift; name = "FavComics+CoreDataClass.swift"; path = "MarvelReserve/ApplicationLayer/CoreData/FavComics+CoreDataClass.swift"; sourceTree = SOURCE_ROOT; };
		BD671BD62C57DD29004F60E2 /* FavComics+CoreDataProperties.swift */ = {isa = PBXFileReference; lastKnownFileType = sourcecode.swift; name = "FavComics+CoreDataProperties.swift"; path = "MarvelReserve/ApplicationLayer/CoreData/FavComics+CoreDataProperties.swift"; sourceTree = SOURCE_ROOT; };
		BD67F4242C64E2D2004D15AB /* Converters.swift */ = {isa = PBXFileReference; lastKnownFileType = sourcecode.swift; path = Converters.swift; sourceTree = "<group>"; };
		BD67F4262C64E446004D15AB /* DetailedCharacterViewModel.swift */ = {isa = PBXFileReference; lastKnownFileType = sourcecode.swift; path = DetailedCharacterViewModel.swift; sourceTree = "<group>"; };
		BD67F4282C665817004D15AB /* ComicsListViewComponents.swift */ = {isa = PBXFileReference; lastKnownFileType = sourcecode.swift; path = ComicsListViewComponents.swift; sourceTree = "<group>"; };
		BD6BF0D92C3E9AB5004ABEC0 /* SwipeBackExtensions.swift */ = {isa = PBXFileReference; lastKnownFileType = sourcecode.swift; path = SwipeBackExtensions.swift; sourceTree = "<group>"; };
/* End PBXFileReference section */

/* Begin PBXFrameworksBuildPhase section */
		BD64CC1B2C1B1E0300616D81 /* Frameworks */ = {
			isa = PBXFrameworksBuildPhase;
			buildActionMask = 2147483647;
			files = (
				BD6BF0E12C3EB5EB004ABEC0 /* NavigationViewKit in Frameworks */,
				BD64CC722C1B241200616D81 /* SnapKit in Frameworks */,
				BD64CC6F2C1B23F700616D81 /* Kingfisher in Frameworks */,
				BD64CC6C2C1B23E400616D81 /* SDWebImageSwiftUI in Frameworks */,
			);
			runOnlyForDeploymentPostprocessing = 0;
		};
		BD64CC2B2C1B1E0400616D81 /* Frameworks */ = {
			isa = PBXFrameworksBuildPhase;
			buildActionMask = 2147483647;
			files = (
			);
			runOnlyForDeploymentPostprocessing = 0;
		};
		BD64CC352C1B1E0400616D81 /* Frameworks */ = {
			isa = PBXFrameworksBuildPhase;
			buildActionMask = 2147483647;
			files = (
			);
			runOnlyForDeploymentPostprocessing = 0;
		};
/* End PBXFrameworksBuildPhase section */

/* Begin PBXGroup section */
		BD38F4542C63944700A6DEB1 /* Screens */ = {
			isa = PBXGroup;
			children = (
				BD64CC232C1B1E0300616D81 /* MarvelTabView.swift */,
				BD38F4682C639F1B00A6DEB1 /* Web+Splash */,
				BD38F4672C639E8900A6DEB1 /* Settings */,
				BD38F4662C639E7D00A6DEB1 /* FavoritesList */,
				BD38F4652C639E7600A6DEB1 /* ComicsList */,
				BD38F4552C63945100A6DEB1 /* CharactersList */,
			);
			path = Screens;
			sourceTree = "<group>";
		};
		BD38F4552C63945100A6DEB1 /* CharactersList */ = {
			isa = PBXGroup;
			children = (
				BD38F4692C63AEFA00A6DEB1 /* DetailsInCharacter */,
				BD64CC572C1B1F6500616D81 /* CharactersView.swift */,
				BD38F45A2C6398A600A6DEB1 /* CharactersViewComponents.swift */,
				BD38F4522C6393D500A6DEB1 /* CharactersViewModel.swift */,
				BD64CC5D2C1B1FCD00616D81 /* CharactersModel.swift */,
			);
			path = CharactersList;
			sourceTree = "<group>";
		};
		BD38F4562C6394F500A6DEB1 /* ApplicationLayer */ = {
			isa = PBXGroup;
			children = (
				BD64CC212C1B1E0300616D81 /* MarvelReserveApp.swift */,
				BD64CC782C1C5C8800616D81 /* Localizable.xcstrings */,
				BD64CC252C1B1E0400616D81 /* Assets.xcassets */,
				BD38F46D2C63AFC000A6DEB1 /* CoreData */,
				BD38F4572C63956100A6DEB1 /* Constants */,
			);
			path = ApplicationLayer;
			sourceTree = "<group>";
		};
		BD38F4572C63956100A6DEB1 /* Constants */ = {
			isa = PBXGroup;
			children = (
				BD38F4582C63956C00A6DEB1 /* Constants.swift */,
			);
			path = Constants;
			sourceTree = "<group>";
		};
		BD38F45C2C63999900A6DEB1 /* BusinessLayer */ = {
			isa = PBXGroup;
			children = (
				BD38F4542C63944700A6DEB1 /* Screens */,
			);
			path = BusinessLayer;
			sourceTree = "<group>";
		};
		BD38F45D2C6399A800A6DEB1 /* NetworkingLayer */ = {
			isa = PBXGroup;
			children = (
				BD38F4622C639C0C00A6DEB1 /* Services */,
			);
			path = NetworkingLayer;
			sourceTree = "<group>";
		};
		BD38F45E2C639B4D00A6DEB1 /* ServiceLayer */ = {
			isa = PBXGroup;
			children = (
				BD64CC762C1B267200616D81 /* Extensions */,
				BD38F45F2C639B5500A6DEB1 /* Utils */,
			);
			path = ServiceLayer;
			sourceTree = "<group>";
		};
		BD38F45F2C639B5500A6DEB1 /* Utils */ = {
			isa = PBXGroup;
			children = (
				BD38F4602C639B7F00A6DEB1 /* Extracters.swift */,
			);
			path = Utils;
			sourceTree = "<group>";
		};
		BD38F4622C639C0C00A6DEB1 /* Services */ = {
			isa = PBXGroup;
			children = (
				BD67F4242C64E2D2004D15AB /* Converters.swift */,
				BD64CC5F2C1B1FFD00616D81 /* NetworkManager.swift */,
			);
			path = Services;
			sourceTree = "<group>";
		};
		BD38F4652C639E7600A6DEB1 /* ComicsList */ = {
			isa = PBXGroup;
			children = (
				BD38F46A2C63AF4200A6DEB1 /* ComicDetails */,
				BD64CC4F2C1B1ED800616D81 /* ComicsListView.swift */,
				BD67F4282C665817004D15AB /* ComicsListViewComponents.swift */,
				BD64CC512C1B1EFA00616D81 /* ComicsModel.swift */,
				BD38F46E2C63B2D500A6DEB1 /* ComicsListViewModel.swift */,
			);
			path = ComicsList;
			sourceTree = "<group>";
		};
		BD38F4662C639E7D00A6DEB1 /* FavoritesList */ = {
			isa = PBXGroup;
			children = (
				BD64CC812C2AFEB100616D81 /* FavouritesView.swift */,
				BD38F4742C63BD3000A6DEB1 /* FavoritesModel.swift */,
				BD38F4722C63BCF600A6DEB1 /* FavoritesViewModel.swift */,
			);
			path = FavoritesList;
			sourceTree = "<group>";
		};
		BD38F4672C639E8900A6DEB1 /* Settings */ = {
			isa = PBXGroup;
			children = (
				BD64CC5B2C1B1FB500616D81 /* SettingsTabView.swift */,
				BD64CC612C1B201500616D81 /* ThemeChangerView.swift */,
			);
			path = Settings;
			sourceTree = "<group>";
		};
		BD38F4682C639F1B00A6DEB1 /* Web+Splash */ = {
			isa = PBXGroup;
			children = (
				BD64CC532C1B1F2400616D81 /* WebView.swift */,
				BD64CC552C1B1F4D00616D81 /* SplashScreenView.swift */,
			);
			path = "Web+Splash";
			sourceTree = "<group>";
		};
		BD38F4692C63AEFA00A6DEB1 /* DetailsInCharacter */ = {
			isa = PBXGroup;
			children = (
				BD64CC632C1B202E00616D81 /* DetailedCharactersView.swift */,
				BD64CC4D2C1B1EBF00616D81 /* DetailedCharactersModel.swift */,
				BD67F4262C64E446004D15AB /* DetailedCharacterViewModel.swift */,
				BD64CC4B2C1B1E9A00616D81 /* ComicForCharacterDetailsView.swift */,
			);
			path = DetailsInCharacter;
			sourceTree = "<group>";
		};
		BD38F46A2C63AF4200A6DEB1 /* ComicDetails */ = {
			isa = PBXGroup;
			children = (
				BD64CC592C1B1F9700616D81 /* DetailedComicView.swift */,
				BD38F4702C63BA7A00A6DEB1 /* ComicDetailsViewModel.swift */,
				BD64CC7A2C1C7AA900616D81 /* DetailedComicModel.swift */,
				BD64CC7C2C22FA2300616D81 /* CharacterForDetailedComicView.swift */,
			);
			path = ComicDetails;
			sourceTree = "<group>";
		};
		BD38F46D2C63AFC000A6DEB1 /* CoreData */ = {
			isa = PBXGroup;
			children = (
				BD671BD52C57DD29004F60E2 /* FavComics+CoreDataClass.swift */,
				BD671BD62C57DD29004F60E2 /* FavComics+CoreDataProperties.swift */,
				BD671BD22C57DCBF004F60E2 /* CoreData.xcdatamodeld */,
			);
			path = CoreData;
			sourceTree = "<group>";
		};
		BD64CC152C1B1E0300616D81 = {
			isa = PBXGroup;
			children = (
				BD64CC202C1B1E0300616D81 /* MarvelReserve */,
				BD64CC312C1B1E0400616D81 /* MarvelReserveTests */,
				BD64CC3B2C1B1E0400616D81 /* MarvelReserveUITests */,
				BD64CC1F2C1B1E0300616D81 /* Products */,
				BD64CC6A2C1B219700616D81 /* Frameworks */,
			);
			sourceTree = "<group>";
		};
		BD64CC1F2C1B1E0300616D81 /* Products */ = {
			isa = PBXGroup;
			children = (
				BD64CC1E2C1B1E0300616D81 /* MarvelReserve.app */,
				BD64CC2E2C1B1E0400616D81 /* MarvelReserveTests.xctest */,
				BD64CC382C1B1E0400616D81 /* MarvelReserveUITests.xctest */,
			);
			name = Products;
			sourceTree = "<group>";
		};
		BD64CC202C1B1E0300616D81 /* MarvelReserve */ = {
			isa = PBXGroup;
			children = (
				BD38F45E2C639B4D00A6DEB1 /* ServiceLayer */,
				BD38F45D2C6399A800A6DEB1 /* NetworkingLayer */,
				BD38F45C2C63999900A6DEB1 /* BusinessLayer */,
				BD38F4562C6394F500A6DEB1 /* ApplicationLayer */,
				BD64CC272C1B1E0400616D81 /* Preview Content */,
			);
			path = MarvelReserve;
			sourceTree = "<group>";
		};
		BD64CC272C1B1E0400616D81 /* Preview Content */ = {
			isa = PBXGroup;
			children = (
				BD64CC282C1B1E0400616D81 /* Preview Assets.xcassets */,
			);
			path = "Preview Content";
			sourceTree = "<group>";
		};
		BD64CC312C1B1E0400616D81 /* MarvelReserveTests */ = {
			isa = PBXGroup;
			children = (
				BD64CC322C1B1E0400616D81 /* MarvelReserveTests.swift */,
			);
			name = MarvelReserveTests;
			path = MarvelReserveTests/MarvelReserveUITests/MarvelReserveTests;
			sourceTree = SOURCE_ROOT;
		};
		BD64CC3B2C1B1E0400616D81 /* MarvelReserveUITests */ = {
			isa = PBXGroup;
			children = (
				BD64CC3C2C1B1E0400616D81 /* MarvelReserveUITests.swift */,
				BD64CC3E2C1B1E0400616D81 /* MarvelReserveUITestsLaunchTests.swift */,
			);
			name = MarvelReserveUITests;
			path = MarvelReserveTests/MarvelReserveUITests;
			sourceTree = SOURCE_ROOT;
		};
		BD64CC6A2C1B219700616D81 /* Frameworks */ = {
			isa = PBXGroup;
			children = (
			);
			name = Frameworks;
			sourceTree = "<group>";
		};
		BD64CC762C1B267200616D81 /* Extensions */ = {
			isa = PBXGroup;
			children = (
				BD6BF0D92C3E9AB5004ABEC0 /* SwipeBackExtensions.swift */,
				BD64CC652C1B206900616D81 /* Color+Extensions.swift */,
				BD64CC672C1B208200616D81 /* WebView+Extensions.swift */,
			);
			path = Extensions;
			sourceTree = "<group>";
		};
/* End PBXGroup section */

/* Begin PBXNativeTarget section */
		BD64CC1D2C1B1E0300616D81 /* MarvelReserve */ = {
			isa = PBXNativeTarget;
			buildConfigurationList = BD64CC422C1B1E0400616D81 /* Build configuration list for PBXNativeTarget "MarvelReserve" */;
			buildPhases = (
				BD64CC1A2C1B1E0300616D81 /* Sources */,
				BD64CC1B2C1B1E0300616D81 /* Frameworks */,
				BD64CC1C2C1B1E0300616D81 /* Resources */,
			);
			buildRules = (
			);
			dependencies = (
			);
			name = MarvelReserve;
			packageProductDependencies = (
				BD64CC6B2C1B23E400616D81 /* SDWebImageSwiftUI */,
				BD64CC6E2C1B23F700616D81 /* Kingfisher */,
				BD64CC712C1B241200616D81 /* SnapKit */,
				BD6BF0E02C3EB5EB004ABEC0 /* NavigationViewKit */,
			);
			productName = MarvelReserve;
			productReference = BD64CC1E2C1B1E0300616D81 /* MarvelReserve.app */;
			productType = "com.apple.product-type.application";
		};
		BD64CC2D2C1B1E0400616D81 /* MarvelReserveTests */ = {
			isa = PBXNativeTarget;
			buildConfigurationList = BD64CC452C1B1E0400616D81 /* Build configuration list for PBXNativeTarget "MarvelReserveTests" */;
			buildPhases = (
				BD64CC2A2C1B1E0400616D81 /* Sources */,
				BD64CC2B2C1B1E0400616D81 /* Frameworks */,
				BD64CC2C2C1B1E0400616D81 /* Resources */,
			);
			buildRules = (
			);
			dependencies = (
				BD64CC302C1B1E0400616D81 /* PBXTargetDependency */,
			);
			name = MarvelReserveTests;
			productName = MarvelReserveTests;
			productReference = BD64CC2E2C1B1E0400616D81 /* MarvelReserveTests.xctest */;
			productType = "com.apple.product-type.bundle.unit-test";
		};
		BD64CC372C1B1E0400616D81 /* MarvelReserveUITests */ = {
			isa = PBXNativeTarget;
			buildConfigurationList = BD64CC482C1B1E0400616D81 /* Build configuration list for PBXNativeTarget "MarvelReserveUITests" */;
			buildPhases = (
				BD64CC342C1B1E0400616D81 /* Sources */,
				BD64CC352C1B1E0400616D81 /* Frameworks */,
				BD64CC362C1B1E0400616D81 /* Resources */,
			);
			buildRules = (
			);
			dependencies = (
				BD64CC3A2C1B1E0400616D81 /* PBXTargetDependency */,
			);
			name = MarvelReserveUITests;
			productName = MarvelReserveUITests;
			productReference = BD64CC382C1B1E0400616D81 /* MarvelReserveUITests.xctest */;
			productType = "com.apple.product-type.bundle.ui-testing";
		};
/* End PBXNativeTarget section */

/* Begin PBXProject section */
		BD64CC162C1B1E0300616D81 /* Project object */ = {
			isa = PBXProject;
			attributes = {
				BuildIndependentTargetsInParallel = 1;
				LastSwiftUpdateCheck = 1530;
				LastUpgradeCheck = 1540;
				TargetAttributes = {
					BD64CC1D2C1B1E0300616D81 = {
						CreatedOnToolsVersion = 15.3;
					};
					BD64CC2D2C1B1E0400616D81 = {
						CreatedOnToolsVersion = 15.3;
						TestTargetID = BD64CC1D2C1B1E0300616D81;
					};
					BD64CC372C1B1E0400616D81 = {
						CreatedOnToolsVersion = 15.3;
						TestTargetID = BD64CC1D2C1B1E0300616D81;
					};
				};
			};
			buildConfigurationList = BD64CC192C1B1E0300616D81 /* Build configuration list for PBXProject "MarvelReserve" */;
			compatibilityVersion = "Xcode 14.0";
			developmentRegion = en;
			hasScannedForEncodings = 0;
			knownRegions = (
				en,
				Base,
				ru,
			);
			mainGroup = BD64CC152C1B1E0300616D81;
			packageReferences = (
				BD64CC692C1B211500616D81 /* XCRemoteSwiftPackageReference "SDWebImageSwiftUI" */,
				BD64CC6D2C1B23F700616D81 /* XCRemoteSwiftPackageReference "Kingfisher" */,
				BD64CC702C1B241200616D81 /* XCRemoteSwiftPackageReference "SnapKit" */,
				BD6BF0DF2C3EB5EB004ABEC0 /* XCRemoteSwiftPackageReference "NavigationViewKit" */,
			);
			productRefGroup = BD64CC1F2C1B1E0300616D81 /* Products */;
			projectDirPath = "";
			projectRoot = "";
			targets = (
				BD64CC1D2C1B1E0300616D81 /* MarvelReserve */,
				BD64CC2D2C1B1E0400616D81 /* MarvelReserveTests */,
				BD64CC372C1B1E0400616D81 /* MarvelReserveUITests */,
			);
		};
/* End PBXProject section */

/* Begin PBXResourcesBuildPhase section */
		BD64CC1C2C1B1E0300616D81 /* Resources */ = {
			isa = PBXResourcesBuildPhase;
			buildActionMask = 2147483647;
			files = (
				BD64CC292C1B1E0400616D81 /* Preview Assets.xcassets in Resources */,
				BD64CC262C1B1E0400616D81 /* Assets.xcassets in Resources */,
				BD64CC792C1C5C8800616D81 /* Localizable.xcstrings in Resources */,
			);
			runOnlyForDeploymentPostprocessing = 0;
		};
		BD64CC2C2C1B1E0400616D81 /* Resources */ = {
			isa = PBXResourcesBuildPhase;
			buildActionMask = 2147483647;
			files = (
			);
			runOnlyForDeploymentPostprocessing = 0;
		};
		BD64CC362C1B1E0400616D81 /* Resources */ = {
			isa = PBXResourcesBuildPhase;
			buildActionMask = 2147483647;
			files = (
			);
			runOnlyForDeploymentPostprocessing = 0;
		};
/* End PBXResourcesBuildPhase section */

/* Begin PBXSourcesBuildPhase section */
		BD64CC1A2C1B1E0300616D81 /* Sources */ = {
			isa = PBXSourcesBuildPhase;
			buildActionMask = 2147483647;
			files = (
				BD64CC4C2C1B1E9A00616D81 /* ComicForCharacterDetailsView.swift in Sources */,
				BD64CC502C1B1ED800616D81 /* ComicsListView.swift in Sources */,
				BD64CC682C1B208200616D81 /* WebView+Extensions.swift in Sources */,
				BD64CC7D2C22FA2300616D81 /* CharacterForDetailedComicView.swift in Sources */,
				BD38F4752C63BD3000A6DEB1 /* FavoritesModel.swift in Sources */,
				BD38F45B2C6398A600A6DEB1 /* CharactersViewComponents.swift in Sources */,
				BD6BF0DA2C3E9AB5004ABEC0 /* SwipeBackExtensions.swift in Sources */,
				BD64CC622C1B201500616D81 /* ThemeChangerView.swift in Sources */,
				BD64CC4E2C1B1EBF00616D81 /* DetailedCharactersModel.swift in Sources */,
				BD38F4612C639B7F00A6DEB1 /* Extracters.swift in Sources */,
				BD38F4592C63956D00A6DEB1 /* Constants.swift in Sources */,
				BD64CC602C1B1FFD00616D81 /* NetworkManager.swift in Sources */,
				BD64CC522C1B1EFA00616D81 /* ComicsModel.swift in Sources */,
				BD64CC5C2C1B1FB500616D81 /* SettingsTabView.swift in Sources */,
				BD64CC242C1B1E0300616D81 /* MarvelTabView.swift in Sources */,
				BD64CC582C1B1F6500616D81 /* CharactersView.swift in Sources */,
				BD64CC5A2C1B1F9700616D81 /* DetailedComicView.swift in Sources */,
				BD64CC222C1B1E0300616D81 /* MarvelReserveApp.swift in Sources */,
				BD67F4272C64E446004D15AB /* DetailedCharacterViewModel.swift in Sources */,
				BD38F4732C63BCF600A6DEB1 /* FavoritesViewModel.swift in Sources */,
				BD38F4532C6393D500A6DEB1 /* CharactersViewModel.swift in Sources */,
				BD671BD42C57DCBF004F60E2 /* CoreData.xcdatamodeld in Sources */,
				BD38F46F2C63B2D500A6DEB1 /* ComicsListViewModel.swift in Sources */,
				BD64CC662C1B206900616D81 /* Color+Extensions.swift in Sources */,
				BD64CC5E2C1B1FCD00616D81 /* CharactersModel.swift in Sources */,
				BD671BD72C57DD29004F60E2 /* FavComics+CoreDataClass.swift in Sources */,
				BD67F4292C665817004D15AB /* ComicsListViewComponents.swift in Sources */,
				BD671BD82C57DD29004F60E2 /* FavComics+CoreDataProperties.swift in Sources */,
				BD64CC642C1B202E00616D81 /* DetailedCharactersView.swift in Sources */,
				BD67F4252C64E2D2004D15AB /* Converters.swift in Sources */,
				BD38F4712C63BA7A00A6DEB1 /* ComicDetailsViewModel.swift in Sources */,
				BD64CC542C1B1F2400616D81 /* WebView.swift in Sources */,
				BD64CC562C1B1F4D00616D81 /* SplashScreenView.swift in Sources */,
				BD64CC822C2AFEB100616D81 /* FavouritesView.swift in Sources */,
				BD64CC7B2C1C7AA900616D81 /* DetailedComicModel.swift in Sources */,
			);
			runOnlyForDeploymentPostprocessing = 0;
		};
		BD64CC2A2C1B1E0400616D81 /* Sources */ = {
			isa = PBXSourcesBuildPhase;
			buildActionMask = 2147483647;
			files = (
				BD64CC332C1B1E0400616D81 /* MarvelReserveTests.swift in Sources */,
			);
			runOnlyForDeploymentPostprocessing = 0;
		};
		BD64CC342C1B1E0400616D81 /* Sources */ = {
			isa = PBXSourcesBuildPhase;
			buildActionMask = 2147483647;
			files = (
				BD64CC3F2C1B1E0400616D81 /* MarvelReserveUITestsLaunchTests.swift in Sources */,
				BD64CC3D2C1B1E0400616D81 /* MarvelReserveUITests.swift in Sources */,
			);
			runOnlyForDeploymentPostprocessing = 0;
		};
/* End PBXSourcesBuildPhase section */

/* Begin PBXTargetDependency section */
		BD64CC302C1B1E0400616D81 /* PBXTargetDependency */ = {
			isa = PBXTargetDependency;
			target = BD64CC1D2C1B1E0300616D81 /* MarvelReserve */;
			targetProxy = BD64CC2F2C1B1E0400616D81 /* PBXContainerItemProxy */;
		};
		BD64CC3A2C1B1E0400616D81 /* PBXTargetDependency */ = {
			isa = PBXTargetDependency;
			target = BD64CC1D2C1B1E0300616D81 /* MarvelReserve */;
			targetProxy = BD64CC392C1B1E0400616D81 /* PBXContainerItemProxy */;
		};
/* End PBXTargetDependency section */

/* Begin XCBuildConfiguration section */
		BD64CC402C1B1E0400616D81 /* Debug */ = {
			isa = XCBuildConfiguration;
			buildSettings = {
				ALWAYS_SEARCH_USER_PATHS = NO;
				ASSETCATALOG_COMPILER_GENERATE_SWIFT_ASSET_SYMBOL_EXTENSIONS = YES;
				CLANG_ANALYZER_LOCALIZABILITY_NONLOCALIZED = YES;
				CLANG_ANALYZER_NONNULL = YES;
				CLANG_ANALYZER_NUMBER_OBJECT_CONVERSION = YES_AGGRESSIVE;
				CLANG_CXX_LANGUAGE_STANDARD = "gnu++20";
				CLANG_ENABLE_MODULES = YES;
				CLANG_ENABLE_OBJC_ARC = YES;
				CLANG_ENABLE_OBJC_WEAK = YES;
				CLANG_WARN_BLOCK_CAPTURE_AUTORELEASING = YES;
				CLANG_WARN_BOOL_CONVERSION = YES;
				CLANG_WARN_COMMA = YES;
				CLANG_WARN_CONSTANT_CONVERSION = YES;
				CLANG_WARN_DEPRECATED_OBJC_IMPLEMENTATIONS = YES;
				CLANG_WARN_DIRECT_OBJC_ISA_USAGE = YES_ERROR;
				CLANG_WARN_DOCUMENTATION_COMMENTS = YES;
				CLANG_WARN_EMPTY_BODY = YES;
				CLANG_WARN_ENUM_CONVERSION = YES;
				CLANG_WARN_INFINITE_RECURSION = YES;
				CLANG_WARN_INT_CONVERSION = YES;
				CLANG_WARN_NON_LITERAL_NULL_CONVERSION = YES;
				CLANG_WARN_OBJC_IMPLICIT_RETAIN_SELF = YES;
				CLANG_WARN_OBJC_LITERAL_CONVERSION = YES;
				CLANG_WARN_OBJC_ROOT_CLASS = YES_ERROR;
				CLANG_WARN_QUOTED_INCLUDE_IN_FRAMEWORK_HEADER = YES;
				CLANG_WARN_RANGE_LOOP_ANALYSIS = YES;
				CLANG_WARN_STRICT_PROTOTYPES = YES;
				CLANG_WARN_SUSPICIOUS_MOVE = YES;
				CLANG_WARN_UNGUARDED_AVAILABILITY = YES_AGGRESSIVE;
				CLANG_WARN_UNREACHABLE_CODE = YES;
				CLANG_WARN__DUPLICATE_METHOD_MATCH = YES;
				COPY_PHASE_STRIP = NO;
				DEBUG_INFORMATION_FORMAT = dwarf;
				ENABLE_STRICT_OBJC_MSGSEND = YES;
				ENABLE_TESTABILITY = YES;
				ENABLE_USER_SCRIPT_SANDBOXING = YES;
				GCC_C_LANGUAGE_STANDARD = gnu17;
				GCC_DYNAMIC_NO_PIC = NO;
				GCC_NO_COMMON_BLOCKS = YES;
				GCC_OPTIMIZATION_LEVEL = 0;
				GCC_PREPROCESSOR_DEFINITIONS = (
					"DEBUG=1",
					"$(inherited)",
				);
				GCC_WARN_64_TO_32_BIT_CONVERSION = YES;
				GCC_WARN_ABOUT_RETURN_TYPE = YES_ERROR;
				GCC_WARN_UNDECLARED_SELECTOR = YES;
				GCC_WARN_UNINITIALIZED_AUTOS = YES_AGGRESSIVE;
				GCC_WARN_UNUSED_FUNCTION = YES;
				GCC_WARN_UNUSED_VARIABLE = YES;
				IPHONEOS_DEPLOYMENT_TARGET = 17.4;
				LOCALIZATION_PREFERS_STRING_CATALOGS = YES;
				MTL_ENABLE_DEBUG_INFO = INCLUDE_SOURCE;
				MTL_FAST_MATH = YES;
				ONLY_ACTIVE_ARCH = YES;
				SDKROOT = iphoneos;
				SWIFT_ACTIVE_COMPILATION_CONDITIONS = "DEBUG $(inherited)";
				SWIFT_OPTIMIZATION_LEVEL = "-Onone";
			};
			name = Debug;
		};
		BD64CC412C1B1E0400616D81 /* Release */ = {
			isa = XCBuildConfiguration;
			buildSettings = {
				ALWAYS_SEARCH_USER_PATHS = NO;
				ASSETCATALOG_COMPILER_GENERATE_SWIFT_ASSET_SYMBOL_EXTENSIONS = YES;
				CLANG_ANALYZER_LOCALIZABILITY_NONLOCALIZED = YES;
				CLANG_ANALYZER_NONNULL = YES;
				CLANG_ANALYZER_NUMBER_OBJECT_CONVERSION = YES_AGGRESSIVE;
				CLANG_CXX_LANGUAGE_STANDARD = "gnu++20";
				CLANG_ENABLE_MODULES = YES;
				CLANG_ENABLE_OBJC_ARC = YES;
				CLANG_ENABLE_OBJC_WEAK = YES;
				CLANG_WARN_BLOCK_CAPTURE_AUTORELEASING = YES;
				CLANG_WARN_BOOL_CONVERSION = YES;
				CLANG_WARN_COMMA = YES;
				CLANG_WARN_CONSTANT_CONVERSION = YES;
				CLANG_WARN_DEPRECATED_OBJC_IMPLEMENTATIONS = YES;
				CLANG_WARN_DIRECT_OBJC_ISA_USAGE = YES_ERROR;
				CLANG_WARN_DOCUMENTATION_COMMENTS = YES;
				CLANG_WARN_EMPTY_BODY = YES;
				CLANG_WARN_ENUM_CONVERSION = YES;
				CLANG_WARN_INFINITE_RECURSION = YES;
				CLANG_WARN_INT_CONVERSION = YES;
				CLANG_WARN_NON_LITERAL_NULL_CONVERSION = YES;
				CLANG_WARN_OBJC_IMPLICIT_RETAIN_SELF = YES;
				CLANG_WARN_OBJC_LITERAL_CONVERSION = YES;
				CLANG_WARN_OBJC_ROOT_CLASS = YES_ERROR;
				CLANG_WARN_QUOTED_INCLUDE_IN_FRAMEWORK_HEADER = YES;
				CLANG_WARN_RANGE_LOOP_ANALYSIS = YES;
				CLANG_WARN_STRICT_PROTOTYPES = YES;
				CLANG_WARN_SUSPICIOUS_MOVE = YES;
				CLANG_WARN_UNGUARDED_AVAILABILITY = YES_AGGRESSIVE;
				CLANG_WARN_UNREACHABLE_CODE = YES;
				CLANG_WARN__DUPLICATE_METHOD_MATCH = YES;
				COPY_PHASE_STRIP = NO;
				DEBUG_INFORMATION_FORMAT = "dwarf-with-dsym";
				ENABLE_NS_ASSERTIONS = NO;
				ENABLE_STRICT_OBJC_MSGSEND = YES;
				ENABLE_USER_SCRIPT_SANDBOXING = YES;
				GCC_C_LANGUAGE_STANDARD = gnu17;
				GCC_NO_COMMON_BLOCKS = YES;
				GCC_WARN_64_TO_32_BIT_CONVERSION = YES;
				GCC_WARN_ABOUT_RETURN_TYPE = YES_ERROR;
				GCC_WARN_UNDECLARED_SELECTOR = YES;
				GCC_WARN_UNINITIALIZED_AUTOS = YES_AGGRESSIVE;
				GCC_WARN_UNUSED_FUNCTION = YES;
				GCC_WARN_UNUSED_VARIABLE = YES;
				IPHONEOS_DEPLOYMENT_TARGET = 17.4;
				LOCALIZATION_PREFERS_STRING_CATALOGS = YES;
				MTL_ENABLE_DEBUG_INFO = NO;
				MTL_FAST_MATH = YES;
				SDKROOT = iphoneos;
				SWIFT_COMPILATION_MODE = wholemodule;
				VALIDATE_PRODUCT = YES;
			};
			name = Release;
		};
		BD64CC432C1B1E0400616D81 /* Debug */ = {
			isa = XCBuildConfiguration;
			buildSettings = {
				ASSETCATALOG_COMPILER_APPICON_NAME = AppIcon;
				ASSETCATALOG_COMPILER_GLOBAL_ACCENT_COLOR_NAME = AccentColor;
				CODE_SIGN_STYLE = Automatic;
				CURRENT_PROJECT_VERSION = 1;
				DEVELOPMENT_ASSET_PATHS = "\"MarvelReserve/Preview Content\"";
				DEVELOPMENT_TEAM = JWSKD954X7;
				ENABLE_PREVIEWS = YES;
				GENERATE_INFOPLIST_FILE = YES;
				INFOPLIST_KEY_CFBundleDisplayName = Marvel;
				INFOPLIST_KEY_UIApplicationSceneManifest_Generation = YES;
				INFOPLIST_KEY_UIApplicationSupportsIndirectInputEvents = YES;
				INFOPLIST_KEY_UILaunchScreen_Generation = YES;
				INFOPLIST_KEY_UISupportedInterfaceOrientations_iPad = "UIInterfaceOrientationPortrait UIInterfaceOrientationPortraitUpsideDown UIInterfaceOrientationLandscapeLeft UIInterfaceOrientationLandscapeRight";
				INFOPLIST_KEY_UISupportedInterfaceOrientations_iPhone = "UIInterfaceOrientationPortrait UIInterfaceOrientationLandscapeLeft UIInterfaceOrientationLandscapeRight";
				IPHONEOS_DEPLOYMENT_TARGET = 17.5;
				LD_RUNPATH_SEARCH_PATHS = (
					"$(inherited)",
					"@executable_path/Frameworks",
				);
				MARKETING_VERSION = 1.0;
				PRODUCT_BUNDLE_IDENTIFIER = shox.jr.MarvelReserve;
				PRODUCT_NAME = "$(TARGET_NAME)";
				SUPPORTED_PLATFORMS = "iphoneos iphonesimulator";
				SUPPORTS_MACCATALYST = NO;
				SUPPORTS_MAC_DESIGNED_FOR_IPHONE_IPAD = NO;
				SUPPORTS_XR_DESIGNED_FOR_IPHONE_IPAD = NO;
				SWIFT_EMIT_LOC_STRINGS = YES;
				SWIFT_VERSION = 5.0;
				TARGETED_DEVICE_FAMILY = 1;
			};
			name = Debug;
		};
		BD64CC442C1B1E0400616D81 /* Release */ = {
			isa = XCBuildConfiguration;
			buildSettings = {
				ASSETCATALOG_COMPILER_APPICON_NAME = AppIcon;
				ASSETCATALOG_COMPILER_GLOBAL_ACCENT_COLOR_NAME = AccentColor;
				CODE_SIGN_STYLE = Automatic;
				CURRENT_PROJECT_VERSION = 1;
				DEVELOPMENT_ASSET_PATHS = "\"MarvelReserve/Preview Content\"";
				DEVELOPMENT_TEAM = JWSKD954X7;
				ENABLE_PREVIEWS = YES;
				GENERATE_INFOPLIST_FILE = YES;
				INFOPLIST_KEY_CFBundleDisplayName = Marvel;
				INFOPLIST_KEY_UIApplicationSceneManifest_Generation = YES;
				INFOPLIST_KEY_UIApplicationSupportsIndirectInputEvents = YES;
				INFOPLIST_KEY_UILaunchScreen_Generation = YES;
				INFOPLIST_KEY_UISupportedInterfaceOrientations_iPad = "UIInterfaceOrientationPortrait UIInterfaceOrientationPortraitUpsideDown UIInterfaceOrientationLandscapeLeft UIInterfaceOrientationLandscapeRight";
				INFOPLIST_KEY_UISupportedInterfaceOrientations_iPhone = "UIInterfaceOrientationPortrait UIInterfaceOrientationLandscapeLeft UIInterfaceOrientationLandscapeRight";
				IPHONEOS_DEPLOYMENT_TARGET = 17.5;
				LD_RUNPATH_SEARCH_PATHS = (
					"$(inherited)",
					"@executable_path/Frameworks",
				);
				MARKETING_VERSION = 1.0;
				PRODUCT_BUNDLE_IDENTIFIER = shox.jr.MarvelReserve;
				PRODUCT_NAME = "$(TARGET_NAME)";
				SUPPORTED_PLATFORMS = "iphoneos iphonesimulator";
				SUPPORTS_MACCATALYST = NO;
				SUPPORTS_MAC_DESIGNED_FOR_IPHONE_IPAD = NO;
				SUPPORTS_XR_DESIGNED_FOR_IPHONE_IPAD = NO;
				SWIFT_EMIT_LOC_STRINGS = YES;
				SWIFT_VERSION = 5.0;
				TARGETED_DEVICE_FAMILY = 1;
			};
			name = Release;
		};
		BD64CC462C1B1E0400616D81 /* Debug */ = {
			isa = XCBuildConfiguration;
			buildSettings = {
				ALWAYS_EMBED_SWIFT_STANDARD_LIBRARIES = YES;
				BUNDLE_LOADER = "$(TEST_HOST)";
				CODE_SIGN_STYLE = Automatic;
				CURRENT_PROJECT_VERSION = 1;
				DEVELOPMENT_TEAM = JWSKD954X7;
				GENERATE_INFOPLIST_FILE = YES;
				IPHONEOS_DEPLOYMENT_TARGET = 17.4;
				MARKETING_VERSION = 1.0;
				PRODUCT_BUNDLE_IDENTIFIER = shox.jr.MarvelReserveTests;
				PRODUCT_NAME = "$(TARGET_NAME)";
				SWIFT_EMIT_LOC_STRINGS = NO;
				SWIFT_VERSION = 5.0;
				TARGETED_DEVICE_FAMILY = "1,2";
				TEST_HOST = "$(BUILT_PRODUCTS_DIR)/MarvelReserve.app/$(BUNDLE_EXECUTABLE_FOLDER_PATH)/MarvelReserve";
			};
			name = Debug;
		};
		BD64CC472C1B1E0400616D81 /* Release */ = {
			isa = XCBuildConfiguration;
			buildSettings = {
				ALWAYS_EMBED_SWIFT_STANDARD_LIBRARIES = YES;
				BUNDLE_LOADER = "$(TEST_HOST)";
				CODE_SIGN_STYLE = Automatic;
				CURRENT_PROJECT_VERSION = 1;
				DEVELOPMENT_TEAM = JWSKD954X7;
				GENERATE_INFOPLIST_FILE = YES;
				IPHONEOS_DEPLOYMENT_TARGET = 17.4;
				MARKETING_VERSION = 1.0;
				PRODUCT_BUNDLE_IDENTIFIER = shox.jr.MarvelReserveTests;
				PRODUCT_NAME = "$(TARGET_NAME)";
				SWIFT_EMIT_LOC_STRINGS = NO;
				SWIFT_VERSION = 5.0;
				TARGETED_DEVICE_FAMILY = "1,2";
				TEST_HOST = "$(BUILT_PRODUCTS_DIR)/MarvelReserve.app/$(BUNDLE_EXECUTABLE_FOLDER_PATH)/MarvelReserve";
			};
			name = Release;
		};
		BD64CC492C1B1E0400616D81 /* Debug */ = {
			isa = XCBuildConfiguration;
			buildSettings = {
				ALWAYS_EMBED_SWIFT_STANDARD_LIBRARIES = YES;
				CODE_SIGN_STYLE = Automatic;
				CURRENT_PROJECT_VERSION = 1;
				DEVELOPMENT_TEAM = JWSKD954X7;
				GENERATE_INFOPLIST_FILE = YES;
				MARKETING_VERSION = 1.0;
				PRODUCT_BUNDLE_IDENTIFIER = shox.jr.MarvelReserveUITests;
				PRODUCT_NAME = "$(TARGET_NAME)";
				SWIFT_EMIT_LOC_STRINGS = NO;
				SWIFT_VERSION = 5.0;
				TARGETED_DEVICE_FAMILY = "1,2";
				TEST_TARGET_NAME = MarvelReserve;
			};
			name = Debug;
		};
		BD64CC4A2C1B1E0400616D81 /* Release */ = {
			isa = XCBuildConfiguration;
			buildSettings = {
				ALWAYS_EMBED_SWIFT_STANDARD_LIBRARIES = YES;
				CODE_SIGN_STYLE = Automatic;
				CURRENT_PROJECT_VERSION = 1;
				DEVELOPMENT_TEAM = JWSKD954X7;
				GENERATE_INFOPLIST_FILE = YES;
				MARKETING_VERSION = 1.0;
				PRODUCT_BUNDLE_IDENTIFIER = shox.jr.MarvelReserveUITests;
				PRODUCT_NAME = "$(TARGET_NAME)";
				SWIFT_EMIT_LOC_STRINGS = NO;
				SWIFT_VERSION = 5.0;
				TARGETED_DEVICE_FAMILY = "1,2";
				TEST_TARGET_NAME = MarvelReserve;
			};
			name = Release;
		};
/* End XCBuildConfiguration section */

/* Begin XCConfigurationList section */
		BD64CC192C1B1E0300616D81 /* Build configuration list for PBXProject "MarvelReserve" */ = {
			isa = XCConfigurationList;
			buildConfigurations = (
				BD64CC402C1B1E0400616D81 /* Debug */,
				BD64CC412C1B1E0400616D81 /* Release */,
			);
			defaultConfigurationIsVisible = 0;
			defaultConfigurationName = Release;
		};
		BD64CC422C1B1E0400616D81 /* Build configuration list for PBXNativeTarget "MarvelReserve" */ = {
			isa = XCConfigurationList;
			buildConfigurations = (
				BD64CC432C1B1E0400616D81 /* Debug */,
				BD64CC442C1B1E0400616D81 /* Release */,
			);
			defaultConfigurationIsVisible = 0;
			defaultConfigurationName = Release;
		};
		BD64CC452C1B1E0400616D81 /* Build configuration list for PBXNativeTarget "MarvelReserveTests" */ = {
			isa = XCConfigurationList;
			buildConfigurations = (
				BD64CC462C1B1E0400616D81 /* Debug */,
				BD64CC472C1B1E0400616D81 /* Release */,
			);
			defaultConfigurationIsVisible = 0;
			defaultConfigurationName = Release;
		};
		BD64CC482C1B1E0400616D81 /* Build configuration list for PBXNativeTarget "MarvelReserveUITests" */ = {
			isa = XCConfigurationList;
			buildConfigurations = (
				BD64CC492C1B1E0400616D81 /* Debug */,
				BD64CC4A2C1B1E0400616D81 /* Release */,
			);
			defaultConfigurationIsVisible = 0;
			defaultConfigurationName = Release;
		};
/* End XCConfigurationList section */

/* Begin XCRemoteSwiftPackageReference section */
		BD64CC692C1B211500616D81 /* XCRemoteSwiftPackageReference "SDWebImageSwiftUI" */ = {
			isa = XCRemoteSwiftPackageReference;
			repositoryURL = "https://github.com/SDWebImage/SDWebImageSwiftUI.git";
			requirement = {
				kind = upToNextMajorVersion;
				minimumVersion = 3.0.4;
			};
		};
		BD64CC6D2C1B23F700616D81 /* XCRemoteSwiftPackageReference "Kingfisher" */ = {
			isa = XCRemoteSwiftPackageReference;
			repositoryURL = "https://github.com/onevcat/Kingfisher.git";
			requirement = {
				kind = upToNextMajorVersion;
				minimumVersion = 7.12.0;
			};
		};
		BD64CC702C1B241200616D81 /* XCRemoteSwiftPackageReference "SnapKit" */ = {
			isa = XCRemoteSwiftPackageReference;
			repositoryURL = "https://github.com/SnapKit/SnapKit.git";
			requirement = {
				kind = upToNextMajorVersion;
				minimumVersion = 5.7.1;
			};
		};
		BD6BF0DF2C3EB5EB004ABEC0 /* XCRemoteSwiftPackageReference "NavigationViewKit" */ = {
			isa = XCRemoteSwiftPackageReference;
			repositoryURL = "https://github.com/fatbobman/NavigationViewKit.git";
			requirement = {
				kind = upToNextMajorVersion;
				minimumVersion = 0.0.5;
			};
		};
/* End XCRemoteSwiftPackageReference section */

/* Begin XCSwiftPackageProductDependency section */
		BD64CC6B2C1B23E400616D81 /* SDWebImageSwiftUI */ = {
			isa = XCSwiftPackageProductDependency;
			package = BD64CC692C1B211500616D81 /* XCRemoteSwiftPackageReference "SDWebImageSwiftUI" */;
			productName = SDWebImageSwiftUI;
		};
		BD64CC6E2C1B23F700616D81 /* Kingfisher */ = {
			isa = XCSwiftPackageProductDependency;
			package = BD64CC6D2C1B23F700616D81 /* XCRemoteSwiftPackageReference "Kingfisher" */;
			productName = Kingfisher;
		};
		BD64CC712C1B241200616D81 /* SnapKit */ = {
			isa = XCSwiftPackageProductDependency;
			package = BD64CC702C1B241200616D81 /* XCRemoteSwiftPackageReference "SnapKit" */;
			productName = SnapKit;
		};
		BD6BF0E02C3EB5EB004ABEC0 /* NavigationViewKit */ = {
			isa = XCSwiftPackageProductDependency;
			package = BD6BF0DF2C3EB5EB004ABEC0 /* XCRemoteSwiftPackageReference "NavigationViewKit" */;
			productName = NavigationViewKit;
		};
/* End XCSwiftPackageProductDependency section */

/* Begin XCVersionGroup section */
		BD671BD22C57DCBF004F60E2 /* CoreData.xcdatamodeld */ = {
			isa = XCVersionGroup;
			children = (
				BD671BD32C57DCBF004F60E2 /* CoreData.xcdatamodel */,
			);
			currentVersion = BD671BD32C57DCBF004F60E2 /* CoreData.xcdatamodel */;
			path = CoreData.xcdatamodeld;
			sourceTree = "<group>";
			versionGroupType = wrapper.xcdatamodel;
		};
/* End XCVersionGroup section */
	};
	rootObject = BD64CC162C1B1E0300616D81 /* Project object */;
}
